
Microsoft Visual Studio Solution File, Format Version 12.00
# Visual Studio Version 17
VisualStudioVersion = 17.6.33829.357
MinimumVisualStudioVersion = 10.0.40219.1
Project("{9A19103F-16F7-4668-BE54-9A1E7A4F7556}") = "Quality2", "Quality2\Quality2.csproj", "{1E8CE612-01FB-46F8-99B8-78797902EA8F}"
EndProject
Project("{FAE04EC0-301F-11D3-BF4B-00C04F79EFBC}") = "Quality2.Tests", "Quality2.Tests\Quality2.Tests.csproj", "{8D587B46-A053-4EC4-850A-77F75E5E5F76}"
EndProject
Global
	GlobalSection(SolutionConfigurationPlatforms) = preSolution
		Debug|Any CPU = Debug|Any CPU
		Release|Any CPU = Release|Any CPU
	EndGlobalSection
	GlobalSection(ProjectConfigurationPlatforms) = postSolution
		{1E8CE612-01FB-46F8-99B8-78797902EA8F}.Debug|Any CPU.ActiveCfg = Debug|Any CPU
		{1E8CE612-01FB-46F8-99B8-78797902EA8F}.Debug|Any CPU.Build.0 = Debug|Any CPU
		{1E8CE612-01FB-46F8-99B8-78797902EA8F}.Release|Any CPU.ActiveCfg = Release|Any CPU
		{1E8CE612-01FB-46F8-99B8-78797902EA8F}.Release|Any CPU.Build.0 = Release|Any CPU
		{8D587B46-A053-4EC4-850A-77F75E5E5F76}.Debug|Any CPU.ActiveCfg = Debug|Any CPU
		{8D587B46-A053-4EC4-850A-77F75E5E5F76}.Debug|Any CPU.Build.0 = Debug|Any CPU
		{8D587B46-A053-4EC4-850A-77F75E5E5F76}.Release|Any CPU.ActiveCfg = Release|Any CPU
		{8D587B46-A053-4EC4-850A-77F75E5E5F76}.Release|Any CPU.Build.0 = Release|Any CPU
	EndGlobalSection
	GlobalSection(SolutionProperties) = preSolution
		HideSolutionNode = FALSE
	EndGlobalSection
	GlobalSection(ExtensibilityGlobals) = postSolution
		SolutionGuid = {0DCA5D64-4E38-42BF-8B24-A620EA435300}
	EndGlobalSection
EndGlobal
